
Microsoft Visual Studio Solution File, Format Version 12.00
# Visual Studio Version 16
VisualStudioVersion = 16.0.30503.244
MinimumVisualStudioVersion = 10.0.40219.1
Project("{FAE04EC0-301F-11D3-BF4B-00C04F79EFBC}") = "mvc", "mvc\mvc.csproj", "{DA97B6D5-BA14-48A1-91DF-E45080B5C37E}"
EndProject
Project("{FAE04EC0-301F-11D3-BF4B-00C04F79EFBC}") = "TDD", "TDD\TDD.csproj", "{6F22A9F4-6E16-4599-9E8B-BE74B8297550}"
EndProject
Global
	GlobalSection(SolutionConfigurationPlatforms) = preSolution
		Debug|Any CPU = Debug|Any CPU
		Release|Any CPU = Release|Any CPU
	EndGlobalSection
	GlobalSection(ProjectConfigurationPlatforms) = postSolution
		{DA97B6D5-BA14-48A1-91DF-E45080B5C37E}.Debug|Any CPU.ActiveCfg = Debug|Any CPU
		{DA97B6D5-BA14-48A1-91DF-E45080B5C37E}.Debug|Any CPU.Build.0 = Debug|Any CPU
		{DA97B6D5-BA14-48A1-91DF-E45080B5C37E}.Release|Any CPU.ActiveCfg = Release|Any CPU
		{DA97B6D5-BA14-48A1-91DF-E45080B5C37E}.Release|Any CPU.Build.0 = Release|Any CPU
		{6F22A9F4-6E16-4599-9E8B-BE74B8297550}.Debug|Any CPU.ActiveCfg = Debug|Any CPU
		{6F22A9F4-6E16-4599-9E8B-BE74B8297550}.Debug|Any CPU.Build.0 = Debug|Any CPU
		{6F22A9F4-6E16-4599-9E8B-BE74B8297550}.Release|Any CPU.ActiveCfg = Release|Any CPU
		{6F22A9F4-6E16-4599-9E8B-BE74B8297550}.Release|Any CPU.Build.0 = Release|Any CPU
	EndGlobalSection
	GlobalSection(SolutionProperties) = preSolution
		HideSolutionNode = FALSE
	EndGlobalSection
	GlobalSection(ExtensibilityGlobals) = postSolution
		SolutionGuid = {E78E0697-68DC-44B5-92C3-B37923AB1477}
	EndGlobalSection
EndGlobal
